
Microsoft Visual Studio Solution File, Format Version 12.00
# Visual Studio Version 17
VisualStudioVersion = 17.6.33815.320
MinimumVisualStudioVersion = 10.0.40219.1
Project("{FAE04EC0-301F-11D3-BF4B-00C04F79EFBC}") = "E-CommerceWebApplication", "E-CommerceWebApplication\E-CommerceWebApplication.csproj", "{EFF337BE-D35B-4CBD-9FE5-291BCAAA6022}"
EndProject
Global
	GlobalSection(SolutionConfigurationPlatforms) = preSolution
		Debug|Any CPU = Debug|Any CPU
		Release|Any CPU = Release|Any CPU
	EndGlobalSection
	GlobalSection(ProjectConfigurationPlatforms) = postSolution
		{EFF337BE-D35B-4CBD-9FE5-291BCAAA6022}.Debug|Any CPU.ActiveCfg = Debug|Any CPU
		{EFF337BE-D35B-4CBD-9FE5-291BCAAA6022}.Debug|Any CPU.Build.0 = Debug|Any CPU
		{EFF337BE-D35B-4CBD-9FE5-291BCAAA6022}.Release|Any CPU.ActiveCfg = Release|Any CPU
		{EFF337BE-D35B-4CBD-9FE5-291BCAAA6022}.Release|Any CPU.Build.0 = Release|Any CPU
	EndGlobalSection
	GlobalSection(SolutionProperties) = preSolution
		HideSolutionNode = FALSE
	EndGlobalSection
	GlobalSection(ExtensibilityGlobals) = postSolution
		SolutionGuid = {9945B24C-5849-4FD6-97B4-F92A5FB6C834}
	EndGlobalSection
EndGlobal
